
Microsoft Visual Studio Solution File, Format Version 12.00
# Visual Studio 15
VisualStudioVersion = 15.0.27703.2042
MinimumVisualStudioVersion = 10.0.40219.1
Project("{FAE04EC0-301F-11D3-BF4B-00C04F79EFBC}") = "Modelisation", "Modelisation\Modelisation.csproj", "{3B670A9F-6E5F-42DE-B0CE-8E17307CF722}"
EndProject
Global
	GlobalSection(SolutionConfigurationPlatforms) = preSolution
		Debug|Any CPU = Debug|Any CPU
		Release|Any CPU = Release|Any CPU
	EndGlobalSection
	GlobalSection(ProjectConfigurationPlatforms) = postSolution
		{3B670A9F-6E5F-42DE-B0CE-8E17307CF722}.Debug|Any CPU.ActiveCfg = Debug|Any CPU
		{3B670A9F-6E5F-42DE-B0CE-8E17307CF722}.Debug|Any CPU.Build.0 = Debug|Any CPU
		{3B670A9F-6E5F-42DE-B0CE-8E17307CF722}.Release|Any CPU.ActiveCfg = Release|Any CPU
		{3B670A9F-6E5F-42DE-B0CE-8E17307CF722}.Release|Any CPU.Build.0 = Release|Any CPU
	EndGlobalSection
	GlobalSection(SolutionProperties) = preSolution
		HideSolutionNode = FALSE
	EndGlobalSection
	GlobalSection(ExtensibilityGlobals) = postSolution
		SolutionGuid = {784DE4C7-A9CC-4286-A2D3-0D1F07E6D2E9}
	EndGlobalSection
EndGlobal
